
Microsoft Visual Studio Solution File, Format Version 12.00
# Visual Studio 15
VisualStudioVersion = 15.0.28307.438
MinimumVisualStudioVersion = 10.0.40219.1
Project("{FAE04EC0-301F-11D3-BF4B-00C04F79EFBC}") = "CodeFirstModel", "CodeFirstModel\CodeFirstModel.csproj", "{9B2BAEA0-5F13-4492-A2B3-F70A39E66D73}"
EndProject
Project("{FAE04EC0-301F-11D3-BF4B-00C04F79EFBC}") = "CodeFirstDataAccess", "CodeFirstDataAccess\CodeFirstDataAccess.csproj", "{79CD64C1-9EFF-4379-AC83-AA716B930E8E}"
EndProject
Project("{FAE04EC0-301F-11D3-BF4B-00C04F79EFBC}") = "CodeFirstWebApp", "CodeFirstWebApp\CodeFirstWebApp.csproj", "{ADAC264B-C2A0-407A-8F76-44354835E291}"
EndProject
Global
	GlobalSection(SolutionConfigurationPlatforms) = preSolution
		Debug|Any CPU = Debug|Any CPU
		Release|Any CPU = Release|Any CPU
	EndGlobalSection
	GlobalSection(ProjectConfigurationPlatforms) = postSolution
		{9B2BAEA0-5F13-4492-A2B3-F70A39E66D73}.Debug|Any CPU.ActiveCfg = Debug|Any CPU
		{9B2BAEA0-5F13-4492-A2B3-F70A39E66D73}.Debug|Any CPU.Build.0 = Debug|Any CPU
		{9B2BAEA0-5F13-4492-A2B3-F70A39E66D73}.Release|Any CPU.ActiveCfg = Release|Any CPU
		{9B2BAEA0-5F13-4492-A2B3-F70A39E66D73}.Release|Any CPU.Build.0 = Release|Any CPU
		{79CD64C1-9EFF-4379-AC83-AA716B930E8E}.Debug|Any CPU.ActiveCfg = Debug|Any CPU
		{79CD64C1-9EFF-4379-AC83-AA716B930E8E}.Debug|Any CPU.Build.0 = Debug|Any CPU
		{79CD64C1-9EFF-4379-AC83-AA716B930E8E}.Release|Any CPU.ActiveCfg = Release|Any CPU
		{79CD64C1-9EFF-4379-AC83-AA716B930E8E}.Release|Any CPU.Build.0 = Release|Any CPU
		{ADAC264B-C2A0-407A-8F76-44354835E291}.Debug|Any CPU.ActiveCfg = Debug|Any CPU
		{ADAC264B-C2A0-407A-8F76-44354835E291}.Debug|Any CPU.Build.0 = Debug|Any CPU
		{ADAC264B-C2A0-407A-8F76-44354835E291}.Release|Any CPU.ActiveCfg = Release|Any CPU
		{ADAC264B-C2A0-407A-8F76-44354835E291}.Release|Any CPU.Build.0 = Release|Any CPU
	EndGlobalSection
	GlobalSection(SolutionProperties) = preSolution
		HideSolutionNode = FALSE
	EndGlobalSection
	GlobalSection(ExtensibilityGlobals) = postSolution
		SolutionGuid = {80C07209-6F86-4AB9-ACB8-4814F2952A9D}
	EndGlobalSection
EndGlobal
